
Microsoft Visual Studio Solution File, Format Version 12.00
# Visual Studio 15
VisualStudioVersion = 15.0.27130.2027
MinimumVisualStudioVersion = 10.0.40219.1
Project("{9A19103F-16F7-4668-BE54-9A1E7A4F7556}") = "EmbeddedServer", "EmbeddedServer\EmbeddedServer.csproj", "{1E51816A-B473-42AF-B511-0E8D6C518A24}"
EndProject
Project("{9A19103F-16F7-4668-BE54-9A1E7A4F7556}") = "EmbeddedServer.Tests", "EmbeddedServer.Tests\EmbeddedServer.Tests.csproj", "{D53346FC-E525-48A4-B3A9-C91FDCCA632A}"
EndProject
Project("{9A19103F-16F7-4668-BE54-9A1E7A4F7556}") = "TestApp", "TestApp\TestApp.csproj", "{24CF6DC7-6466-4D4B-B791-80F8C7A58E56}"
EndProject
Global
	GlobalSection(SolutionConfigurationPlatforms) = preSolution
		Debug|Any CPU = Debug|Any CPU
		Release|Any CPU = Release|Any CPU
	EndGlobalSection
	GlobalSection(ProjectConfigurationPlatforms) = postSolution
		{1E51816A-B473-42AF-B511-0E8D6C518A24}.Debug|Any CPU.ActiveCfg = Debug|Any CPU
		{1E51816A-B473-42AF-B511-0E8D6C518A24}.Debug|Any CPU.Build.0 = Debug|Any CPU
		{1E51816A-B473-42AF-B511-0E8D6C518A24}.Release|Any CPU.ActiveCfg = Release|Any CPU
		{1E51816A-B473-42AF-B511-0E8D6C518A24}.Release|Any CPU.Build.0 = Release|Any CPU
		{D53346FC-E525-48A4-B3A9-C91FDCCA632A}.Debug|Any CPU.ActiveCfg = Debug|Any CPU
		{D53346FC-E525-48A4-B3A9-C91FDCCA632A}.Debug|Any CPU.Build.0 = Debug|Any CPU
		{D53346FC-E525-48A4-B3A9-C91FDCCA632A}.Release|Any CPU.ActiveCfg = Release|Any CPU
		{D53346FC-E525-48A4-B3A9-C91FDCCA632A}.Release|Any CPU.Build.0 = Release|Any CPU
		{24CF6DC7-6466-4D4B-B791-80F8C7A58E56}.Debug|Any CPU.ActiveCfg = Debug|Any CPU
		{24CF6DC7-6466-4D4B-B791-80F8C7A58E56}.Debug|Any CPU.Build.0 = Debug|Any CPU
		{24CF6DC7-6466-4D4B-B791-80F8C7A58E56}.Release|Any CPU.ActiveCfg = Release|Any CPU
		{24CF6DC7-6466-4D4B-B791-80F8C7A58E56}.Release|Any CPU.Build.0 = Release|Any CPU
	EndGlobalSection
	GlobalSection(SolutionProperties) = preSolution
		HideSolutionNode = FALSE
	EndGlobalSection
	GlobalSection(ExtensibilityGlobals) = postSolution
		SolutionGuid = {3D6B507E-5B36-42DA-96D1-3595BD4F1C62}
	EndGlobalSection
EndGlobal
